
Microsoft Visual Studio Solution File, Format Version 10.00
# Visual Studio 2008
Project("{FAE04EC0-301F-11D3-BF4B-00C04F79EFBC}") = "extractor", "extractor\extractor.csproj", "{DB982A6E-A5BD-40D0-8AE1-CA93C4F41D27}"
EndProject
Project("{2150E333-8FDC-42A3-9474-1A3956D46DE8}") = "Solution Items", "Solution Items", "{81D4FB4C-6497-46D5-90AD-A32E76B4930D}"
	ProjectSection(SolutionItems) = preProject
		extractor.vsmdi = extractor.vsmdi
	EndProjectSection
EndProject
Global
	GlobalSection(TestCaseManagementSettings) = postSolution
		CategoryFile = extractor.vsmdi
	EndGlobalSection
	GlobalSection(SolutionConfigurationPlatforms) = preSolution
		Debug|Any CPU = Debug|Any CPU
		Release|Any CPU = Release|Any CPU
	EndGlobalSection
	GlobalSection(ProjectConfigurationPlatforms) = postSolution
		{DB982A6E-A5BD-40D0-8AE1-CA93C4F41D27}.Debug|Any CPU.ActiveCfg = Debug|Any CPU
		{DB982A6E-A5BD-40D0-8AE1-CA93C4F41D27}.Debug|Any CPU.Build.0 = Debug|Any CPU
		{DB982A6E-A5BD-40D0-8AE1-CA93C4F41D27}.Release|Any CPU.ActiveCfg = Release|Any CPU
		{DB982A6E-A5BD-40D0-8AE1-CA93C4F41D27}.Release|Any CPU.Build.0 = Release|Any CPU
	EndGlobalSection
	GlobalSection(SolutionProperties) = preSolution
		HideSolutionNode = FALSE
	EndGlobalSection
EndGlobal
